
Microsoft Visual Studio Solution File, Format Version 12.00
# Visual Studio Version 16
VisualStudioVersion = 16.0.29911.84
MinimumVisualStudioVersion = 10.0.40219.1
Project("{FAE04EC0-301F-11D3-BF4B-00C04F79EFBC}") = "exercicio012", "exercicio012\exercicio012.csproj", "{D3B96A9E-B89F-4A95-97E1-80B6A1B47374}"
EndProject
Global
	GlobalSection(SolutionConfigurationPlatforms) = preSolution
		Debug|Any CPU = Debug|Any CPU
		Release|Any CPU = Release|Any CPU
	EndGlobalSection
	GlobalSection(ProjectConfigurationPlatforms) = postSolution
		{D3B96A9E-B89F-4A95-97E1-80B6A1B47374}.Debug|Any CPU.ActiveCfg = Debug|Any CPU
		{D3B96A9E-B89F-4A95-97E1-80B6A1B47374}.Debug|Any CPU.Build.0 = Debug|Any CPU
		{D3B96A9E-B89F-4A95-97E1-80B6A1B47374}.Release|Any CPU.ActiveCfg = Release|Any CPU
		{D3B96A9E-B89F-4A95-97E1-80B6A1B47374}.Release|Any CPU.Build.0 = Release|Any CPU
	EndGlobalSection
	GlobalSection(SolutionProperties) = preSolution
		HideSolutionNode = FALSE
	EndGlobalSection
	GlobalSection(ExtensibilityGlobals) = postSolution
		SolutionGuid = {B805FB1E-9586-4B57-A5A2-2322AD8A7FE3}
	EndGlobalSection
EndGlobal
